
Microsoft Visual Studio Solution File, Format Version 12.00
# Visual Studio Version 17
VisualStudioVersion = 17.7.34221.43
MinimumVisualStudioVersion = 10.0.40219.1
Project("{9A19103F-16F7-4668-BE54-9A1E7A4F7556}") = "CKK.Logic", "CKK.Logic.csproj", "{2377C8F5-EE69-4693-A8C5-2DACCFB830E2}"
EndProject
Project("{FAE04EC0-301F-11D3-BF4B-00C04F79EFBC}") = "CKK.tests", "..\CKK.tests\CKK.tests.csproj", "{F1723617-677F-48E7-94B8-54AA37C91E28}"
EndProject
Global
	GlobalSection(SolutionConfigurationPlatforms) = preSolution
		Debug|Any CPU = Debug|Any CPU
		Release|Any CPU = Release|Any CPU
	EndGlobalSection
	GlobalSection(ProjectConfigurationPlatforms) = postSolution
		{2377C8F5-EE69-4693-A8C5-2DACCFB830E2}.Debug|Any CPU.ActiveCfg = Debug|Any CPU
		{2377C8F5-EE69-4693-A8C5-2DACCFB830E2}.Debug|Any CPU.Build.0 = Debug|Any CPU
		{2377C8F5-EE69-4693-A8C5-2DACCFB830E2}.Release|Any CPU.ActiveCfg = Release|Any CPU
		{2377C8F5-EE69-4693-A8C5-2DACCFB830E2}.Release|Any CPU.Build.0 = Release|Any CPU
		{F1723617-677F-48E7-94B8-54AA37C91E28}.Debug|Any CPU.ActiveCfg = Debug|Any CPU
		{F1723617-677F-48E7-94B8-54AA37C91E28}.Debug|Any CPU.Build.0 = Debug|Any CPU
		{F1723617-677F-48E7-94B8-54AA37C91E28}.Release|Any CPU.ActiveCfg = Release|Any CPU
		{F1723617-677F-48E7-94B8-54AA37C91E28}.Release|Any CPU.Build.0 = Release|Any CPU
	EndGlobalSection
	GlobalSection(SolutionProperties) = preSolution
		HideSolutionNode = FALSE
	EndGlobalSection
	GlobalSection(ExtensibilityGlobals) = postSolution
		SolutionGuid = {B7B4E419-47BB-40C4-8664-10B3BBCAFCDA}
	EndGlobalSection
EndGlobal
